<?xml version="1.0" encoding="utf-8"?>
<Project ToolsVersion="4.0" xmlns="http://schemas.microsoft.com/developer/msbuild/2003">
  <ItemGroup>
    <Filter Include="Source Files">
      <UniqueIdentifier>{4FC737F1-C7A5-4376-A066-2A32D752A2FF}</UniqueIdentifier>
      <Extensions>cpp;c;cc;cxx;def;odl;idl;hpj;bat;asm;asmx</Extensions>
    </Filter>
    <Filter Include="Header Files">
      <UniqueIdentifier>{93995380-89BD-4b04-88EB-625FBE52EBFB}</UniqueIdentifier>
      <Extensions>h;hpp;hxx;hm;inl;inc;xsd</Extensions>
    </Filter>
    <Filter Include="Resource Files">
      <UniqueIdentifier>{67DA6AB6-F800-4c08-8B7A-83BB121AAD01}</UniqueIdentifier>
      <Extensions>rc;ico;cur;bmp;dlg;rc2;rct;bin;rgs;gif;jpg;jpeg;jpe;resx;tiff;tif;png;wav;mfcribbon-ms</Extensions>
    </Filter>
  </ItemGroup>
  <ItemGroup>
    <ClCompile Include="UnitTestSample.cpp">
      <Filter>Source Files</Filter>
    </ClCompile>
    <ClCompile Include="Ex-Sample.cpp">
      <Filter>Source Files</Filter>
    </ClCompile>
    <ClCompile Include="Ex-Sample-Test.cpp">
      <Filter>Source Files</Filter>
    </ClCompile>
    <ClCompile Include="Ex001-TwoSum-Test.cpp">
      <Filter>Source Files</Filter>
    </ClCompile>
    <ClCompile Include="Ex001-TwoSum.cpp">
      <Filter>Source Files</Filter>
    </ClCompile>
    <ClCompile Include="Ex002-MedianofTwoSortedArrays-Test.cpp">
      <Filter>Source Files</Filter>
    </ClCompile>
    <ClCompile Include="Ex002-MedianofTwoSortedArrays.cpp">
      <Filter>Source Files</Filter>
    </ClCompile>
    <ClCompile Include="Ex003-LongestSubstringWithoutRepeatingCharacters-Test.cpp">
      <Filter>Source Files</Filter>
    </ClCompile>
    <ClCompile Include="Ex003-LongestSubstringWithoutRepeatingCharacters.cpp">
      <Filter>Source Files</Filter>
    </ClCompile>
    <ClCompile Include="Ex004-AddTwoNumbers-Test.cpp">
      <Filter>Source Files</Filter>
    </ClCompile>
    <ClCompile Include="Ex004-AddTwoNumbers.cpp">
      <Filter>Source Files</Filter>
    </ClCompile>
    <ClCompile Include="Ex005-LongestPalindromicSubstring-Test.cpp">
      <Filter>Source Files</Filter>
    </ClCompile>
    <ClCompile Include="Ex005-LongestPalindromicSubstring.cpp">
      <Filter>Source Files</Filter>
    </ClCompile>
    <ClCompile Include="Ex006-ZigZagConversion-Test.cpp">
      <Filter>Source Files</Filter>
    </ClCompile>
    <ClCompile Include="Ex006-ZigZagConversion.cpp">
      <Filter>Source Files</Filter>
    </ClCompile>
    <ClCompile Include="Ex007-ReverseInteger-Test.cpp">
      <Filter>Source Files</Filter>
    </ClCompile>
    <ClCompile Include="Ex007-ReverseInteger.cpp">
      <Filter>Source Files</Filter>
    </ClCompile>
    <ClCompile Include="Ex008-StringtoInteger-Test.cpp">
      <Filter>Source Files</Filter>
    </ClCompile>
    <ClCompile Include="Ex008-StringtoInteger.cpp">
      <Filter>Source Files</Filter>
    </ClCompile>
    <ClCompile Include="Ex009-PalindromeNumber-Test.cpp">
      <Filter>Source Files</Filter>
    </ClCompile>
    <ClCompile Include="Ex009-PalindromeNumber.cpp">
      <Filter>Source Files</Filter>
    </ClCompile>
    <ClCompile Include="Ex010-RegularExpressionMatching-Test.cpp">
      <Filter>Source Files</Filter>
    </ClCompile>
    <ClCompile Include="Ex010-RegularExpressionMatching.cpp">
      <Filter>Source Files</Filter>
    </ClCompile>
    <ClCompile Include="Ex011-ContainerWithMostWater-Test.cpp">
      <Filter>Source Files</Filter>
    </ClCompile>
    <ClCompile Include="Ex011-ContainerWithMostWater.cpp">
      <Filter>Source Files</Filter>
    </ClCompile>
    <ClCompile Include="Ex012-IntegertoRoman-Test.cpp">
      <Filter>Source Files</Filter>
    </ClCompile>
    <ClCompile Include="Ex012-IntegertoRoman.cpp">
      <Filter>Source Files</Filter>
    </ClCompile>
    <ClCompile Include="Ex013-RomantoInteger-Test.cpp">
      <Filter>Source Files</Filter>
    </ClCompile>
    <ClCompile Include="Ex013-RomantoInteger.cpp">
      <Filter>Source Files</Filter>
    </ClCompile>
    <ClCompile Include="Ex014-LongestCommonPrefix-Test.cpp">
      <Filter>Source Files</Filter>
    </ClCompile>
    <ClCompile Include="Ex014-LongestCommonPrefix.cpp">
      <Filter>Source Files</Filter>
    </ClCompile>
    <ClCompile Include="Ex016-3SumClosest-Test.cpp">
      <Filter>Source Files</Filter>
    </ClCompile>
    <ClCompile Include="Ex016-3SumClosest.cpp">
      <Filter>Source Files</Filter>
    </ClCompile>
    <ClCompile Include="Ex017-4Sum-Test.cpp">
      <Filter>Source Files</Filter>
    </ClCompile>
    <ClCompile Include="Ex017-4Sum.cpp">
      <Filter>Source Files</Filter>
    </ClCompile>
    <ClCompile Include="Ex018-LetterCombinationsofaPhoneNumber-Test.cpp">
      <Filter>Source Files</Filter>
    </ClCompile>
    <ClCompile Include="Ex019-RemoveNthNodeFromEndofList-Test.cpp">
      <Filter>Source Files</Filter>
    </ClCompile>
    <ClCompile Include="Ex019-RemoveNthNodeFromEndofList.cpp">
      <Filter>Source Files</Filter>
    </ClCompile>
    <ClCompile Include="Ex020-ValidParentheses-Test.cpp">
      <Filter>Source Files</Filter>
    </ClCompile>
    <ClCompile Include="Ex020-ValidParentheses.cpp">
      <Filter>Source Files</Filter>
    </ClCompile>
    <ClCompile Include="Ex021-GenerateParentheses-Test.cpp">
      <Filter>Source Files</Filter>
    </ClCompile>
    <ClCompile Include="Ex021-GenerateParentheses.cpp">
      <Filter>Source Files</Filter>
    </ClCompile>
    <ClCompile Include="Ex049-Pow%28x_n%29-Test.cpp">
      <Filter>Source Files</Filter>
    </ClCompile>
    <ClCompile Include="Ex049-Pow%28x_n%29.cpp">
      <Filter>Source Files</Filter>
    </ClCompile>
    <ClCompile Include="Ex022-MergekSortedLists-Test.cpp">
      <Filter>Source Files</Filter>
    </ClCompile>
    <ClCompile Include="Ex022-MergekSortedLists.cpp">
      <Filter>Source Files</Filter>
    </ClCompile>
    <ClCompile Include="Ex023-SwapNodesinPairs-Test.cpp">
      <Filter>Source Files</Filter>
    </ClCompile>
    <ClCompile Include="Ex023-SwapNodesinPairs.cpp">
      <Filter>Source Files</Filter>
    </ClCompile>
    <ClCompile Include="Ex024-ReverseNodesink-Group-Test.cpp">
      <Filter>Source Files</Filter>
    </ClCompile>
    <ClCompile Include="Ex024-ReverseNodesink-Group.cpp">
      <Filter>Source Files</Filter>
    </ClCompile>
    <ClCompile Include="Ex025-RemoveDuplicatesfromSortedArray-Test.cpp">
      <Filter>Source Files</Filter>
    </ClCompile>
    <ClCompile Include="Ex025-RemoveDuplicatesfromSortedArray.cpp">
      <Filter>Source Files</Filter>
    </ClCompile>
    <ClCompile Include="Ex026-RemoveElement-Test.cpp">
      <Filter>Source Files</Filter>
    </ClCompile>
    <ClCompile Include="Ex026-RemoveElement.cpp">
      <Filter>Source Files</Filter>
    </ClCompile>
    <ClCompile Include="Ex027-ImplementstrStr-Test.cpp">
      <Filter>Source Files</Filter>
    </ClCompile>
    <ClCompile Include="Ex027-ImplementstrStr.cpp">
      <Filter>Source Files</Filter>
    </ClCompile>
    <ClCompile Include="Ex028-DivideTwoIntegers-Test.cpp">
      <Filter>Source Files</Filter>
    </ClCompile>
    <ClCompile Include="Ex028-DivideTwoIntegers.cpp">
      <Filter>Source Files</Filter>
    </ClCompile>
    <ClCompile Include="Ex029-SubstringwithConcatenationofAllWords-Test.cpp">
      <Filter>Source Files</Filter>
    </ClCompile>
    <ClCompile Include="Ex029-SubstringwithConcatenationofAllWords.cpp">
      <Filter>Source Files</Filter>
    </ClCompile>
    <ClCompile Include="Ex030-NextPermutation-Test.cpp">
      <Filter>Source Files</Filter>
    </ClCompile>
    <ClCompile Include="Ex030-NextPermutation.cpp">
      <Filter>Source Files</Filter>
    </ClCompile>
    <ClCompile Include="Ex031-LongestValidParentheses-Test.cpp">
      <Filter>Source Files</Filter>
    </ClCompile>
    <ClCompile Include="Ex031-LongestValidParentheses.cpp">
      <Filter>Source Files</Filter>
    </ClCompile>
    <ClCompile Include="Ex032-SearchinRotatedSortedArray-Test.cpp">
      <Filter>Source Files</Filter>
    </ClCompile>
    <ClCompile Include="Ex032-SearchinRotatedSortedArray.cpp">
      <Filter>Source Files</Filter>
    </ClCompile>
    <ClCompile Include="Ex033-SearchforaRange-Test.cpp">
      <Filter>Source Files</Filter>
    </ClCompile>
    <ClCompile Include="Ex033-SearchforaRange.cpp">
      <Filter>Source Files</Filter>
    </ClCompile>
    <ClCompile Include="Ex034-SearchInsertPosition-Test.cpp">
      <Filter>Source Files</Filter>
    </ClCompile>
    <ClCompile Include="Ex034-SearchInsertPosition.cpp">
      <Filter>Source Files</Filter>
    </ClCompile>
    <ClCompile Include="Ex035-ValidSudoku-Test.cpp">
      <Filter>Source Files</Filter>
    </ClCompile>
    <ClCompile Include="Ex035-ValidSudoku.cpp">
      <Filter>Source Files</Filter>
    </ClCompile>
    <ClCompile Include="Ex036-SudokuSolver-Test.cpp">
      <Filter>Source Files</Filter>
    </ClCompile>
    <ClCompile Include="Ex036-SudokuSolver.cpp">
      <Filter>Source Files</Filter>
    </ClCompile>
    <ClCompile Include="Ex037-CountandSay-Test.cpp">
      <Filter>Source Files</Filter>
    </ClCompile>
    <ClCompile Include="Ex037-CountandSay.cpp">
      <Filter>Source Files</Filter>
    </ClCompile>
    <ClCompile Include="Ex038-CombinationSum-Test.cpp">
      <Filter>Source Files</Filter>
    </ClCompile>
    <ClCompile Include="Ex038-CombinationSum.cpp">
      <Filter>Source Files</Filter>
    </ClCompile>
    <ClCompile Include="Ex039-CombinationSumII-Test.cpp">
      <Filter>Source Files</Filter>
    </ClCompile>
    <ClCompile Include="Ex039-CombinationSumII.cpp">
      <Filter>Source Files</Filter>
    </ClCompile>
    <ClCompile Include="Ex040-FirstMissingPositive-Test.cpp">
      <Filter>Source Files</Filter>
    </ClCompile>
    <ClCompile Include="Ex041-TrappingRainWater-Test.cpp">
      <Filter>Source Files</Filter>
    </ClCompile>
    <ClCompile Include="Ex041-TrappingRainWater.cpp">
      <Filter>Source Files</Filter>
    </ClCompile>
    <ClCompile Include="Ex040-FirstMissingPositive.cpp">
      <Filter>Source Files</Filter>
    </ClCompile>
    <ClCompile Include="Ex042-MultiplyStrings-Test.cpp">
      <Filter>Source Files</Filter>
    </ClCompile>
    <ClCompile Include="Ex042-MultiplyStrings.cpp">
      <Filter>Source Files</Filter>
    </ClCompile>
    <ClCompile Include="Ex043-WildcardMatching-Test.cpp">
      <Filter>Source Files</Filter>
    </ClCompile>
    <ClCompile Include="Ex043-WildcardMatching.cpp">
      <Filter>Source Files</Filter>
    </ClCompile>
    <ClCompile Include="Ex044-JumpGameII-Test.cpp">
      <Filter>Source Files</Filter>
    </ClCompile>
    <ClCompile Include="Ex044-JumpGameII.cpp">
      <Filter>Source Files</Filter>
    </ClCompile>
    <ClCompile Include="Ex045-Permutations-Test.cpp">
      <Filter>Source Files</Filter>
    </ClCompile>
    <ClCompile Include="Ex045-Permutations.cpp">
      <Filter>Source Files</Filter>
    </ClCompile>
    <ClCompile Include="Ex046-PermutationsII-Test.cpp">
      <Filter>Source Files</Filter>
    </ClCompile>
    <ClCompile Include="Ex046-PermutationsII.cpp">
      <Filter>Source Files</Filter>
    </ClCompile>
    <ClCompile Include="Ex047-RotateImage-Test.cpp">
      <Filter>Source Files</Filter>
    </ClCompile>
    <ClCompile Include="Ex047-RotateImage.cpp">
      <Filter>Source Files</Filter>
    </ClCompile>
    <ClCompile Include="Ex048-Anagrams-Test.cpp">
      <Filter>Source Files</Filter>
    </ClCompile>
    <ClCompile Include="Ex048-Anagrams.cpp">
      <Filter>Source Files</Filter>
    </ClCompile>
    <ClCompile Include="Ex050-N-Queens-Test.cpp">
      <Filter>Source Files</Filter>
    </ClCompile>
    <ClCompile Include="Ex050-N-Queens.cpp">
      <Filter>Source Files</Filter>
    </ClCompile>
    <ClCompile Include="Ex051-N-QueensII-Test.cpp">
      <Filter>Source Files</Filter>
    </ClCompile>
    <ClCompile Include="Ex051-N-QueensII.cpp">
      <Filter>Source Files</Filter>
    </ClCompile>
    <ClCompile Include="Ex052-MaximumSubarray-Test.cpp">
      <Filter>Source Files</Filter>
    </ClCompile>
    <ClCompile Include="Ex052-MaximumSubarray.cpp">
      <Filter>Source Files</Filter>
    </ClCompile>
    <ClCompile Include="Ex053-SpiralMatrix-Test.cpp">
      <Filter>Source Files</Filter>
    </ClCompile>
    <ClCompile Include="Ex053-SpiralMatrix.cpp">
      <Filter>Source Files</Filter>
    </ClCompile>
    <ClCompile Include="Ex054-JumpGame-Test.cpp">
      <Filter>Source Files</Filter>
    </ClCompile>
    <ClCompile Include="Ex054-JumpGame.cpp">
      <Filter>Source Files</Filter>
    </ClCompile>
    <ClCompile Include="Ex055-MergeIntervals-Test.cpp">
      <Filter>Source Files</Filter>
    </ClCompile>
    <ClCompile Include="Ex055-MergeIntervals.cpp">
      <Filter>Source Files</Filter>
    </ClCompile>
    <ClCompile Include="Ex056-InsertInterval-Test.cpp">
      <Filter>Source Files</Filter>
    </ClCompile>
    <ClCompile Include="Ex056-InsertInterval.cpp">
      <Filter>Source Files</Filter>
    </ClCompile>
    <ClCompile Include="Ex057-LengthofLastWord-Test.cpp">
      <Filter>Source Files</Filter>
    </ClCompile>
    <ClCompile Include="Ex057-LengthofLastWord.cpp">
      <Filter>Source Files</Filter>
    </ClCompile>
    <ClCompile Include="Ex058-SpiralMatrixII-Test.cpp">
      <Filter>Source Files</Filter>
    </ClCompile>
    <ClCompile Include="Ex058-SpiralMatrixII.cpp">
      <Filter>Source Files</Filter>
    </ClCompile>
    <ClCompile Include="Ex059-PermutationSequence-Test.cpp">
      <Filter>Source Files</Filter>
    </ClCompile>
    <ClCompile Include="Ex059-PermutationSequence.cpp">
      <Filter>Source Files</Filter>
    </ClCompile>
    <ClCompile Include="Ex060-RotateList-Test.cpp">
      <Filter>Source Files</Filter>
    </ClCompile>
    <ClCompile Include="Ex060-RotateList.cpp">
      <Filter>Source Files</Filter>
    </ClCompile>
    <ClCompile Include="Ex061-UniquePaths-Test.cpp">
      <Filter>Source Files</Filter>
    </ClCompile>
    <ClCompile Include="Ex061-UniquePaths.cpp">
      <Filter>Source Files</Filter>
    </ClCompile>
    <ClCompile Include="Ex064-MergeTwoSortedLists-Test.cpp">
      <Filter>Source Files</Filter>
    </ClCompile>
    <ClCompile Include="Ex064-MergeTwoSortedLists.cpp">
      <Filter>Source Files</Filter>
    </ClCompile>
    <ClCompile Include="Ex150-EvaluateReversePolishNotation.cpp">
      <Filter>Source Files</Filter>
    </ClCompile>
    <ClCompile Include="Ex150-EvaluateReversePolishNotation-Test.cpp">
      <Filter>Source Files</Filter>
    </ClCompile>
    <ClCompile Include="Ex065-AddBinary-Test.cpp">
      <Filter>Source Files</Filter>
    </ClCompile>
    <ClCompile Include="Ex065-AddBinary.cpp">
      <Filter>Source Files</Filter>
    </ClCompile>
    <ClCompile Include="Ex066-ValidNumber-Test.cpp">
      <Filter>Source Files</Filter>
    </ClCompile>
    <ClCompile Include="Ex066-ValidNumber.cpp">
      <Filter>Source Files</Filter>
    </ClCompile>
    <ClCompile Include="Ex067-PlusOne-Test.cpp">
      <Filter>Source Files</Filter>
    </ClCompile>
    <ClCompile Include="Ex067-PlusOne.cpp">
      <Filter>Source Files</Filter>
    </ClCompile>
    <ClCompile Include="Ex068-TextJustification-Test.cpp">
      <Filter>Source Files</Filter>
    </ClCompile>
    <ClCompile Include="Ex068-TextJustification.cpp">
      <Filter>Source Files</Filter>
    </ClCompile>
    <ClCompile Include="Ex069-Sqrt%28x%29-Test.cpp">
      <Filter>Source Files</Filter>
    </ClCompile>
    <ClCompile Include="Ex069-Sqrt%28x%29.cpp">
      <Filter>Source Files</Filter>
    </ClCompile>
    <ClCompile Include="Ex070-ClimbingStairs-Test.cpp">
      <Filter>Source Files</Filter>
    </ClCompile>
    <ClCompile Include="Ex070-ClimbingStairs.cpp">
      <Filter>Source Files</Filter>
    </ClCompile>
    <ClCompile Include="Ex071-SimplifyPath-Test.cpp">
      <Filter>Source Files</Filter>
    </ClCompile>
    <ClCompile Include="Ex072-EditDistance-Test.cpp">
      <Filter>Source Files</Filter>
    </ClCompile>
    <ClCompile Include="Ex073-SetMatrixZeroes-Test.cpp">
      <Filter>Source Files</Filter>
    </ClCompile>
    <ClCompile Include="Ex073-SetMatrixZeroes.cpp">
      <Filter>Source Files</Filter>
    </ClCompile>
    <ClCompile Include="Ex074-Searcha2DMatrix-Test.cpp">
      <Filter>Source Files</Filter>
    </ClCompile>
    <ClCompile Include="Ex074-Searcha2DMatrix.cpp">
      <Filter>Source Files</Filter>
    </ClCompile>
    <ClCompile Include="Ex075-SortColors-Test.cpp">
      <Filter>Source Files</Filter>
    </ClCompile>
    <ClCompile Include="Ex075-SortColors.cpp">
      <Filter>Source Files</Filter>
    </ClCompile>
    <ClCompile Include="Ex076-MinimumWindowSubstring-Test.cpp">
      <Filter>Source Files</Filter>
    </ClCompile>
    <ClCompile Include="Ex076-MinimumWindowSubstring.cpp">
      <Filter>Source Files</Filter>
    </ClCompile>
    <ClCompile Include="Ex077-Combinations-Test.cpp">
      <Filter>Source Files</Filter>
    </ClCompile>
    <ClCompile Include="Ex077-Combinations.cpp">
      <Filter>Source Files</Filter>
    </ClCompile>
    <ClCompile Include="Ex078-Subsets-Test.cpp">
      <Filter>Source Files</Filter>
    </ClCompile>
    <ClCompile Include="Ex078-Subsets.cpp">
      <Filter>Source Files</Filter>
    </ClCompile>
    <ClCompile Include="Ex079-WordSearch-Test.cpp">
      <Filter>Source Files</Filter>
    </ClCompile>
    <ClCompile Include="Ex079-WordSearch.cpp">
      <Filter>Source Files</Filter>
    </ClCompile>
    <ClCompile Include="Ex080-RemoveDuplicatesfromSortedArrayII-Test.cpp">
      <Filter>Source Files</Filter>
    </ClCompile>
    <ClCompile Include="Ex080-RemoveDuplicatesfromSortedArrayII.cpp">
      <Filter>Source Files</Filter>
    </ClCompile>
    <ClCompile Include="Ex081-SearchinRotatedSortedArrayII-Test.cpp">
      <Filter>Source Files</Filter>
    </ClCompile>
    <ClCompile Include="Ex081-SearchinRotatedSortedArrayII.cpp">
      <Filter>Source Files</Filter>
    </ClCompile>
    <ClCompile Include="Ex082-RemoveDuplicatesfromSortedList-Test.cpp">
      <Filter>Source Files</Filter>
    </ClCompile>
    <ClCompile Include="Ex082-RemoveDuplicatesfromSortedList.cpp">
      <Filter>Source Files</Filter>
    </ClCompile>
    <ClCompile Include="Ex083-RemoveDuplicatesfromSortedListII-Test.cpp">
      <Filter>Source Files</Filter>
    </ClCompile>
    <ClCompile Include="Ex083-RemoveDuplicatesfromSortedListII.cpp">
      <Filter>Source Files</Filter>
    </ClCompile>
    <ClCompile Include="Ex084-LargestRectangleinHistogram-Test.cpp">
      <Filter>Source Files</Filter>
    </ClCompile>
    <ClCompile Include="Ex084-LargestRectangleinHistogram.cpp">
      <Filter>Source Files</Filter>
    </ClCompile>
    <ClCompile Include="Ex085-MaximalRectangle-Test.cpp">
      <Filter>Source Files</Filter>
    </ClCompile>
    <ClCompile Include="Ex085-MaximalRectangle.cpp">
      <Filter>Source Files</Filter>
    </ClCompile>
    <ClCompile Include="Ex086-PartitionList-Test.cpp">
      <Filter>Source Files</Filter>
    </ClCompile>
    <ClCompile Include="Ex086-PartitionList.cpp">
      <Filter>Source Files</Filter>
    </ClCompile>
    <ClCompile Include="Ex087-ScrambleString-Test.cpp">
      <Filter>Source Files</Filter>
    </ClCompile>
    <ClCompile Include="Ex087-ScrambleString.cpp">
      <Filter>Source Files</Filter>
    </ClCompile>
    <ClCompile Include="Ex088-MergeSortedArray-Test.cpp">
      <Filter>Source Files</Filter>
    </ClCompile>
    <ClCompile Include="Ex088-MergeSortedArray.cpp">
      <Filter>Source Files</Filter>
    </ClCompile>
    <ClCompile Include="Ex089-GrayCode-Test.cpp">
      <Filter>Source Files</Filter>
    </ClCompile>
    <ClCompile Include="Ex089-GrayCode.cpp">
      <Filter>Source Files</Filter>
    </ClCompile>
    <ClCompile Include="Ex090-DecodeWays-Test.cpp">
      <Filter>Source Files</Filter>
    </ClCompile>
    <ClCompile Include="Ex090-DecodeWays.cpp">
      <Filter>Source Files</Filter>
    </ClCompile>
    <ClCompile Include="Ex091-SubsetsII-Test.cpp">
      <Filter>Source Files</Filter>
    </ClCompile>
    <ClCompile Include="Ex091-SubsetsII.cpp">
      <Filter>Source Files</Filter>
    </ClCompile>
    <ClCompile Include="Ex092-ReverseLinkedListII-Test.cpp">
      <Filter>Source Files</Filter>
    </ClCompile>
    <ClCompile Include="Ex092-ReverseLinkedListII.cpp">
      <Filter>Source Files</Filter>
    </ClCompile>
    <ClCompile Include="Ex093-RestoreIPAddresses-Test.cpp">
      <Filter>Source Files</Filter>
    </ClCompile>
    <ClCompile Include="Ex093-RestoreIPAddresses.cpp">
      <Filter>Source Files</Filter>
    </ClCompile>
    <ClCompile Include="Ex094-BinaryTreeInorderTraversal-Test.cpp">
      <Filter>Source Files</Filter>
    </ClCompile>
    <ClCompile Include="Ex094-BinaryTreeInorderTraversal.cpp">
      <Filter>Source Files</Filter>
    </ClCompile>
    <ClCompile Include="Ex095-UniqueBinarySearchTrees-Test.cpp">
      <Filter>Source Files</Filter>
    </ClCompile>
    <ClCompile Include="Ex095-UniqueBinarySearchTrees.cpp">
      <Filter>Source Files</Filter>
    </ClCompile>
    <ClCompile Include="Ex096-UniqueBinarySearchTreesII-Test.cpp">
      <Filter>Source Files</Filter>
    </ClCompile>
    <ClCompile Include="Ex096-UniqueBinarySearchTreesII.cpp">
      <Filter>Source Files</Filter>
    </ClCompile>
    <ClCompile Include="Ex097-InterleavingString-Test.cpp">
      <Filter>Source Files</Filter>
    </ClCompile>
    <ClCompile Include="Ex097-InterleavingString.cpp">
      <Filter>Source Files</Filter>
    </ClCompile>
    <ClCompile Include="Ex098-ValidateBinarySearchTree-Test.cpp">
      <Filter>Source Files</Filter>
    </ClCompile>
    <ClCompile Include="Ex098-ValidateBinarySearchTree.cpp">
      <Filter>Source Files</Filter>
    </ClCompile>
    <ClCompile Include="Ex099-RecoverBinarySearchTree-Test.cpp">
      <Filter>Source Files</Filter>
    </ClCompile>
    <ClCompile Include="Ex099-RecoverBinarySearchTree.cpp">
      <Filter>Source Files</Filter>
    </ClCompile>
    <ClCompile Include="Ex100-SameTree-Test.cpp">
      <Filter>Source Files</Filter>
    </ClCompile>
    <ClCompile Include="Ex100-SameTree.cpp">
      <Filter>Source Files</Filter>
    </ClCompile>
    <ClCompile Include="Ex101-SymmetricTree-Test.cpp">
      <Filter>Source Files</Filter>
    </ClCompile>
    <ClCompile Include="Ex101-SymmetricTree.cpp">
      <Filter>Source Files</Filter>
    </ClCompile>
    <ClCompile Include="Ex102-BinaryTreeLevelOrderTraversal-Test.cpp">
      <Filter>Source Files</Filter>
    </ClCompile>
    <ClCompile Include="Ex102-BinaryTreeLevelOrderTraversal.cpp">
      <Filter>Source Files</Filter>
    </ClCompile>
    <ClCompile Include="Ex103-BinaryTreeZigzagLevelOrderTraversal-Test.cpp">
      <Filter>Source Files</Filter>
    </ClCompile>
    <ClCompile Include="Ex103-BinaryTreeZigzagLevelOrderTraversal.cpp">
      <Filter>Source Files</Filter>
    </ClCompile>
    <ClCompile Include="Ex104-MaximumDepthofBinaryTree-Test.cpp">
      <Filter>Source Files</Filter>
    </ClCompile>
    <ClCompile Include="Ex104-MaximumDepthofBinaryTree.cpp">
      <Filter>Source Files</Filter>
    </ClCompile>
    <ClCompile Include="Ex105-ConstructBinaryTreefromPreorderandInorderTraversal-Test.cpp">
      <Filter>Source Files</Filter>
    </ClCompile>
    <ClCompile Include="Ex105-ConstructBinaryTreefromPreorderandInorderTraversal.cpp">
      <Filter>Source Files</Filter>
    </ClCompile>
    <ClCompile Include="Ex106-ConstructBinaryTreefromInorderandPostorderTraversal-Test.cpp">
      <Filter>Source Files</Filter>
    </ClCompile>
    <ClCompile Include="Ex106-ConstructBinaryTreefromInorderandPostorderTraversal.cpp">
      <Filter>Source Files</Filter>
    </ClCompile>
    <ClCompile Include="Ex107-BinaryTreeLevelOrderTraversalII-Test.cpp">
      <Filter>Source Files</Filter>
    </ClCompile>
    <ClCompile Include="Ex107-BinaryTreeLevelOrderTraversalII.cpp">
      <Filter>Source Files</Filter>
    </ClCompile>
    <ClCompile Include="Ex108-ConvertSortedArraytoBinarySearchTree-Test.cpp">
      <Filter>Source Files</Filter>
    </ClCompile>
    <ClCompile Include="Ex108-ConvertSortedArraytoBinarySearchTree.cpp">
      <Filter>Source Files</Filter>
    </ClCompile>
    <ClCompile Include="Ex109-ConvertSortedListtoBinarySearchTree-Test.cpp">
      <Filter>Source Files</Filter>
    </ClCompile>
    <ClCompile Include="Ex109-ConvertSortedListtoBinarySearchTree.cpp">
      <Filter>Source Files</Filter>
    </ClCompile>
    <ClCompile Include="Ex110-BalancedBinaryTree-Test.cpp">
      <Filter>Source Files</Filter>
    </ClCompile>
    <ClCompile Include="Ex110-BalancedBinaryTree.cpp">
      <Filter>Source Files</Filter>
    </ClCompile>
    <ClCompile Include="Ex111-MinimumDepthofBinaryTree-Test.cpp">
      <Filter>Source Files</Filter>
    </ClCompile>
    <ClCompile Include="Ex111-MinimumDepthofBinaryTree.cpp">
      <Filter>Source Files</Filter>
    </ClCompile>
    <ClCompile Include="Ex112-PathSum-Test.cpp">
      <Filter>Source Files</Filter>
    </ClCompile>
    <ClCompile Include="Ex112-PathSum.cpp">
      <Filter>Source Files</Filter>
    </ClCompile>
    <ClCompile Include="Ex113-PathSumII-Test.cpp">
      <Filter>Source Files</Filter>
    </ClCompile>
    <ClCompile Include="Ex113-PathSumII.cpp">
      <Filter>Source Files</Filter>
    </ClCompile>
    <ClCompile Include="Ex114-FlattenBinaryTreetoLinkedList-Test.cpp">
      <Filter>Source Files</Filter>
    </ClCompile>
    <ClCompile Include="Ex114-FlattenBinaryTreetoLinkedList.cpp">
      <Filter>Source Files</Filter>
    </ClCompile>
    <ClCompile Include="Ex115-DistinctSubsequences-Test.cpp">
      <Filter>Source Files</Filter>
    </ClCompile>
    <ClCompile Include="Ex115-DistinctSubsequences.cpp">
      <Filter>Source Files</Filter>
    </ClCompile>
    <ClCompile Include="Ex116-PopulatingNextRightPointersinEachNode-Test.cpp">
      <Filter>Source Files</Filter>
    </ClCompile>
    <ClCompile Include="Ex116-PopulatingNextRightPointersinEachNode.cpp">
      <Filter>Source Files</Filter>
    </ClCompile>
    <ClCompile Include="Ex117-PopulatingNextRightPointersinEachNodeII-Test.cpp">
      <Filter>Source Files</Filter>
    </ClCompile>
    <ClCompile Include="Ex117-PopulatingNextRightPointersinEachNodeII.cpp">
      <Filter>Source Files</Filter>
    </ClCompile>
    <ClCompile Include="Ex118-PascalsTriangle-Test.cpp">
      <Filter>Source Files</Filter>
    </ClCompile>
    <ClCompile Include="Ex118-PascalsTriangle.cpp">
      <Filter>Source Files</Filter>
    </ClCompile>
    <ClCompile Include="Ex119-PascalsTriangleII-Test.cpp">
      <Filter>Source Files</Filter>
    </ClCompile>
    <ClCompile Include="Ex119-PascalsTriangleII.cpp">
      <Filter>Source Files</Filter>
    </ClCompile>
    <ClCompile Include="Ex120-Triangle-Test.cpp">
      <Filter>Source Files</Filter>
    </ClCompile>
    <ClCompile Include="Ex120-Triangle.cpp">
      <Filter>Source Files</Filter>
    </ClCompile>
    <ClCompile Include="Ex121-BestTimetoBuyandSellStock-Test.cpp">
      <Filter>Source Files</Filter>
    </ClCompile>
    <ClCompile Include="Ex121-BestTimetoBuyandSellStock.cpp">
      <Filter>Source Files</Filter>
    </ClCompile>
    <ClCompile Include="Ex122-BestTimetoBuyandSellStockII-Test.cpp">
      <Filter>Source Files</Filter>
    </ClCompile>
    <ClCompile Include="Ex122-BestTimetoBuyandSellStockII.cpp">
      <Filter>Source Files</Filter>
    </ClCompile>
    <ClCompile Include="Ex123-BestTimetoBuyandSellStockIII-Test.cpp">
      <Filter>Source Files</Filter>
    </ClCompile>
    <ClCompile Include="Ex123-BestTimetoBuyandSellStockIII.cpp">
      <Filter>Source Files</Filter>
    </ClCompile>
    <ClCompile Include="Ex124-BinaryTreeMaximumPathSum-Test.cpp">
      <Filter>Source Files</Filter>
    </ClCompile>
    <ClCompile Include="Ex124-BinaryTreeMaximumPathSum.cpp">
      <Filter>Source Files</Filter>
    </ClCompile>
    <ClCompile Include="Ex125-ValidPalindrome-Test.cpp">
      <Filter>Source Files</Filter>
    </ClCompile>
    <ClCompile Include="Ex125-ValidPalindrome.cpp">
      <Filter>Source Files</Filter>
    </ClCompile>
    <ClCompile Include="Ex126-WordLadder-Test.cpp">
      <Filter>Source Files</Filter>
    </ClCompile>
    <ClCompile Include="Ex126-WordLadder.cpp">
      <Filter>Source Files</Filter>
    </ClCompile>
    <ClCompile Include="Ex127-WordLadderII-Test.cpp">
      <Filter>Source Files</Filter>
    </ClCompile>
    <ClCompile Include="Ex127-WordLadderII.cpp">
      <Filter>Source Files</Filter>
    </ClCompile>
    <ClCompile Include="Ex128-LongestConsecutiveSequence-Test.cpp">
      <Filter>Source Files</Filter>
    </ClCompile>
    <ClCompile Include="Ex128-LongestConsecutiveSequence.cpp">
      <Filter>Source Files</Filter>
    </ClCompile>
    <ClCompile Include="Ex129-SumRoottoLeafNumbers-Test.cpp">
      <Filter>Source Files</Filter>
    </ClCompile>
    <ClCompile Include="Ex129-SumRoottoLeafNumbers.cpp">
      <Filter>Source Files</Filter>
    </ClCompile>
    <ClCompile Include="Ex130-SurroundedRegions-Test.cpp">
      <Filter>Source Files</Filter>
    </ClCompile>
    <ClCompile Include="Ex130-SurroundedRegions.cpp">
      <Filter>Source Files</Filter>
    </ClCompile>
    <ClCompile Include="Ex131-PalindromePartitioning-Test.cpp">
      <Filter>Source Files</Filter>
    </ClCompile>
    <ClCompile Include="Ex131-PalindromePartitioning.cpp">
      <Filter>Source Files</Filter>
    </ClCompile>
    <ClCompile Include="Ex132-PalindromePartitioningII-Test.cpp">
      <Filter>Source Files</Filter>
    </ClCompile>
    <ClCompile Include="Ex132-PalindromePartitioningII.cpp">
      <Filter>Source Files</Filter>
    </ClCompile>
    <ClCompile Include="Ex133-CloneGraph-Test.cpp">
      <Filter>Source Files</Filter>
    </ClCompile>
    <ClCompile Include="Ex133-CloneGraph.cpp">
      <Filter>Source Files</Filter>
    </ClCompile>
    <ClCompile Include="Ex134-GasStation-Test.cpp">
      <Filter>Source Files</Filter>
    </ClCompile>
    <ClCompile Include="Ex134-GasStation.cpp">
      <Filter>Source Files</Filter>
    </ClCompile>
    <ClCompile Include="Ex135-Candy-Test.cpp">
      <Filter>Source Files</Filter>
    </ClCompile>
    <ClCompile Include="Ex135-Candy.cpp">
      <Filter>Source Files</Filter>
    </ClCompile>
    <ClCompile Include="Ex136-SingleNumber-Test.cpp">
      <Filter>Source Files</Filter>
    </ClCompile>
    <ClCompile Include="Ex136-SingleNumber.cpp">
      <Filter>Source Files</Filter>
    </ClCompile>
    <ClCompile Include="Ex137-SingleNumberII-Test.cpp">
      <Filter>Source Files</Filter>
    </ClCompile>
    <ClCompile Include="Ex137-SingleNumberII.cpp">
      <Filter>Source Files</Filter>
    </ClCompile>
    <ClCompile Include="Ex138-CopyListwithRandomPointer-Test.cpp">
      <Filter>Source Files</Filter>
    </ClCompile>
    <ClCompile Include="Ex138-CopyListwithRandomPointer.cpp">
      <Filter>Source Files</Filter>
    </ClCompile>
    <ClCompile Include="Ex139-WordBreak-Test.cpp">
      <Filter>Source Files</Filter>
    </ClCompile>
    <ClCompile Include="Ex139-WordBreak.cpp">
      <Filter>Source Files</Filter>
    </ClCompile>
    <ClCompile Include="Ex140-WordBreakII-Test.cpp">
      <Filter>Source Files</Filter>
    </ClCompile>
    <ClCompile Include="Ex140-WordBreakII.cpp">
      <Filter>Source Files</Filter>
    </ClCompile>
    <ClCompile Include="Ex141-LinkedListCycle-Test.cpp">
      <Filter>Source Files</Filter>
    </ClCompile>
    <ClCompile Include="Ex141-LinkedListCycle.cpp">
      <Filter>Source Files</Filter>
    </ClCompile>
    <ClCompile Include="Ex142-LinkedListCycleII-Test.cpp">
      <Filter>Source Files</Filter>
    </ClCompile>
    <ClCompile Include="Ex142-LinkedListCycleII.cpp">
      <Filter>Source Files</Filter>
    </ClCompile>
    <ClCompile Include="Ex143-ReorderList-Test.cpp">
      <Filter>Source Files</Filter>
    </ClCompile>
    <ClCompile Include="Ex143-ReorderList.cpp">
      <Filter>Source Files</Filter>
    </ClCompile>
    <ClCompile Include="Ex144-BinaryTreePreorderTraversal-Test.cpp">
      <Filter>Source Files</Filter>
    </ClCompile>
    <ClCompile Include="Ex144-BinaryTreePreorderTraversal.cpp">
      <Filter>Source Files</Filter>
    </ClCompile>
    <ClCompile Include="Ex145-BinaryTreePostorderTraversal-Test.cpp">
      <Filter>Source Files</Filter>
    </ClCompile>
    <ClCompile Include="Ex145-BinaryTreePostorderTraversal.cpp">
      <Filter>Source Files</Filter>
    </ClCompile>
    <ClCompile Include="Ex146-LRUCache-Test.cpp">
      <Filter>Source Files</Filter>
    </ClCompile>
    <ClCompile Include="Ex146-LRUCache.cpp">
      <Filter>Source Files</Filter>
    </ClCompile>
    <ClCompile Include="Ex147-InsertionSortList-Test.cpp">
      <Filter>Source Files</Filter>
    </ClCompile>
    <ClCompile Include="Ex147-InsertionSortList.cpp">
      <Filter>Source Files</Filter>
    </ClCompile>
    <ClCompile Include="Ex148-SortList-Test.cpp">
      <Filter>Source Files</Filter>
    </ClCompile>
    <ClCompile Include="Ex148-SortList.cpp">
      <Filter>Source Files</Filter>
    </ClCompile>
    <ClCompile Include="Ex149-MaxPointsonaLine-Test.cpp">
      <Filter>Source Files</Filter>
    </ClCompile>
    <ClCompile Include="Ex149-MaxPointsonaLine.cpp">
      <Filter>Source Files</Filter>
    </ClCompile>
    <ClCompile Include="Ex063-MinimumPathSum.cpp">
      <Filter>Source Files</Filter>
    </ClCompile>
    <ClCompile Include="Ex063-MinimumPathSum-Test.cpp">
      <Filter>Source Files</Filter>
    </ClCompile>
    <ClCompile Include="Ex062-UniquePathsII-Test.cpp">
      <Filter>Source Files</Filter>
    </ClCompile>
    <ClCompile Include="Ex062-UniquePathsII.cpp">
      <Filter>Source Files</Filter>
    </ClCompile>
    <ClCompile Include="Ex071-SimplifyPath.cpp">
      <Filter>Source Files</Filter>
    </ClCompile>
    <ClCompile Include="Ex072-EditDistance.cpp">
      <Filter>Source Files</Filter>
    </ClCompile>
    <ClCompile Include="Ex015-3Sum.cpp">
      <Filter>Source Files</Filter>
    </ClCompile>
    <ClCompile Include="Ex015-3Sum-Test.cpp">
      <Filter>Source Files</Filter>
    </ClCompile>
    <ClCompile Include="Ex018-LetterCombinationsofaPhoneNumber.cpp">
      <Filter>Source Files</Filter>
    </ClCompile>
  </ItemGroup>
  <ItemGroup>
    <ClInclude Include="Ex-Sample.h">
      <Filter>Header Files</Filter>
    </ClInclude>
    <ClInclude Include="Commons.h">
      <Filter>Header Files</Filter>
    </ClInclude>
    <ClInclude Include="Ex021-GenerateParentheses.h">
      <Filter>Header Files</Filter>
    </ClInclude>
    <ClInclude Include="Ex001-TwoSum.h">
      <Filter>Header Files</Filter>
    </ClInclude>
    <ClInclude Include="Ex002-MedianofTwoSortedArrays.h">
      <Filter>Header Files</Filter>
    </ClInclude>
    <ClInclude Include="Ex003-LongestSubstringWithoutRepeatingCharacters.h">
      <Filter>Header Files</Filter>
    </ClInclude>
    <ClInclude Include="Ex004-AddTwoNumbers.h">
      <Filter>Header Files</Filter>
    </ClInclude>
    <ClInclude Include="Ex005-LongestPalindromicSubstring.h">
      <Filter>Header Files</Filter>
    </ClInclude>
    <ClInclude Include="Ex006-ZigZagConversion.h">
      <Filter>Header Files</Filter>
    </ClInclude>
    <ClInclude Include="Ex007-ReverseInteger.h">
      <Filter>Header Files</Filter>
    </ClInclude>
    <ClInclude Include="Ex008-StringtoInteger.h">
      <Filter>Header Files</Filter>
    </ClInclude>
    <ClInclude Include="Ex009-PalindromeNumber.h">
      <Filter>Header Files</Filter>
    </ClInclude>
    <ClInclude Include="Ex010-RegularExpressionMatching.h">
      <Filter>Header Files</Filter>
    </ClInclude>
    <ClInclude Include="Ex011-ContainerWithMostWater.h">
      <Filter>Header Files</Filter>
    </ClInclude>
    <ClInclude Include="Ex012-IntegertoRoman.h">
      <Filter>Header Files</Filter>
    </ClInclude>
    <ClInclude Include="Ex013-RomantoInteger.h">
      <Filter>Header Files</Filter>
    </ClInclude>
    <ClInclude Include="Ex014-LongestCommonPrefix.h">
      <Filter>Header Files</Filter>
    </ClInclude>
    <ClInclude Include="Ex016-3SumClosest.h">
      <Filter>Header Files</Filter>
    </ClInclude>
    <ClInclude Include="Ex017-4Sum.h">
      <Filter>Header Files</Filter>
    </ClInclude>
    <ClInclude Include="Ex018-LetterCombinationsofaPhoneNumber.h">
      <Filter>Header Files</Filter>
    </ClInclude>
    <ClInclude Include="Ex019-RemoveNthNodeFromEndofList.h">
      <Filter>Header Files</Filter>
    </ClInclude>
    <ClInclude Include="Ex020-ValidParentheses.h">
      <Filter>Header Files</Filter>
    </ClInclude>
    <ClInclude Include="Ex022-MergekSortedLists.h">
      <Filter>Header Files</Filter>
    </ClInclude>
    <ClInclude Include="Ex023-SwapNodesinPairs.h">
      <Filter>Header Files</Filter>
    </ClInclude>
    <ClInclude Include="Ex025-RemoveDuplicatesfromSortedArray.h">
      <Filter>Header Files</Filter>
    </ClInclude>
    <ClInclude Include="Ex026-RemoveElement.h">
      <Filter>Header Files</Filter>
    </ClInclude>
    <ClInclude Include="Ex027-ImplementstrStr.h">
      <Filter>Header Files</Filter>
    </ClInclude>
    <ClInclude Include="Ex028-DivideTwoIntegers.h">
      <Filter>Header Files</Filter>
    </ClInclude>
    <ClInclude Include="Ex029-SubstringwithConcatenationofAllWords.h">
      <Filter>Header Files</Filter>
    </ClInclude>
    <ClInclude Include="Ex030-NextPermutation.h">
      <Filter>Header Files</Filter>
    </ClInclude>
    <ClInclude Include="Ex031-LongestValidParentheses.h">
      <Filter>Header Files</Filter>
    </ClInclude>
    <ClInclude Include="Ex032-SearchinRotatedSortedArray.h">
      <Filter>Header Files</Filter>
    </ClInclude>
    <ClInclude Include="Ex033-SearchforaRange.h">
      <Filter>Header Files</Filter>
    </ClInclude>
    <ClInclude Include="Ex034-SearchInsertPosition.h">
      <Filter>Header Files</Filter>
    </ClInclude>
    <ClInclude Include="Ex035-ValidSudoku.h">
      <Filter>Header Files</Filter>
    </ClInclude>
    <ClInclude Include="Ex036-SudokuSolver.h">
      <Filter>Header Files</Filter>
    </ClInclude>
    <ClInclude Include="Ex037-CountandSay.h">
      <Filter>Header Files</Filter>
    </ClInclude>
    <ClInclude Include="Ex038-CombinationSum.h">
      <Filter>Header Files</Filter>
    </ClInclude>
    <ClInclude Include="Ex039-CombinationSumII.h">
      <Filter>Header Files</Filter>
    </ClInclude>
    <ClInclude Include="Ex040-FirstMissingPositive.h">
      <Filter>Header Files</Filter>
    </ClInclude>
    <ClInclude Include="Ex041-TrappingRainWater.h">
      <Filter>Header Files</Filter>
    </ClInclude>
    <ClInclude Include="Ex042-MultiplyStrings.h">
      <Filter>Header Files</Filter>
    </ClInclude>
    <ClInclude Include="Ex043-WildcardMatching.h">
      <Filter>Header Files</Filter>
    </ClInclude>
    <ClInclude Include="Ex044-JumpGameII.h">
      <Filter>Header Files</Filter>
    </ClInclude>
    <ClInclude Include="Ex045-Permutations.h">
      <Filter>Header Files</Filter>
    </ClInclude>
    <ClInclude Include="Ex046-PermutationsII.h">
      <Filter>Header Files</Filter>
    </ClInclude>
    <ClInclude Include="Ex047-RotateImage.h">
      <Filter>Header Files</Filter>
    </ClInclude>
    <ClInclude Include="Ex048-Anagrams.h">
      <Filter>Header Files</Filter>
    </ClInclude>
    <ClInclude Include="Ex049-Pow%28x_n%29.h">
      <Filter>Header Files</Filter>
    </ClInclude>
    <ClInclude Include="Ex050-N-Queens.h">
      <Filter>Header Files</Filter>
    </ClInclude>
    <ClInclude Include="Ex051-N-QueensII.h">
      <Filter>Header Files</Filter>
    </ClInclude>
    <ClInclude Include="Ex052-MaximumSubarray.h">
      <Filter>Header Files</Filter>
    </ClInclude>
    <ClInclude Include="Ex053-SpiralMatrix.h">
      <Filter>Header Files</Filter>
    </ClInclude>
    <ClInclude Include="Ex054-JumpGame.h">
      <Filter>Header Files</Filter>
    </ClInclude>
    <ClInclude Include="Ex055-MergeIntervals.h">
      <Filter>Header Files</Filter>
    </ClInclude>
    <ClInclude Include="Ex056-InsertInterval.h">
      <Filter>Header Files</Filter>
    </ClInclude>
    <ClInclude Include="Ex057-LengthofLastWord.h">
      <Filter>Header Files</Filter>
    </ClInclude>
    <ClInclude Include="Ex058-SpiralMatrixII.h">
      <Filter>Header Files</Filter>
    </ClInclude>
    <ClInclude Include="Ex059-PermutationSequence.h">
      <Filter>Header Files</Filter>
    </ClInclude>
    <ClInclude Include="Ex060-RotateList.h">
      <Filter>Header Files</Filter>
    </ClInclude>
    <ClInclude Include="Ex061-UniquePaths.h">
      <Filter>Header Files</Filter>
    </ClInclude>
    <ClInclude Include="Ex024-ReverseNodesink-Group.h">
      <Filter>Header Files</Filter>
    </ClInclude>
    <ClInclude Include="Ex064-MergeTwoSortedLists.h">
      <Filter>Header Files</Filter>
    </ClInclude>
    <ClInclude Include="Ex150-EvaluateReversePolishNotation.h">
      <Filter>Header Files</Filter>
    </ClInclude>
    <ClInclude Include="Ex149-MaxPointsonaLine.h">
      <Filter>Header Files</Filter>
    </ClInclude>
    <ClInclude Include="Ex148-SortList.h">
      <Filter>Header Files</Filter>
    </ClInclude>
    <ClInclude Include="Ex147-InsertionSortList.h">
      <Filter>Header Files</Filter>
    </ClInclude>
    <ClInclude Include="Ex146-LRUCache.h">
      <Filter>Header Files</Filter>
    </ClInclude>
    <ClInclude Include="Ex145-BinaryTreePostorderTraversal.h">
      <Filter>Header Files</Filter>
    </ClInclude>
    <ClInclude Include="Ex144-BinaryTreePreorderTraversal.h">
      <Filter>Header Files</Filter>
    </ClInclude>
    <ClInclude Include="Ex143-ReorderList.h">
      <Filter>Header Files</Filter>
    </ClInclude>
    <ClInclude Include="Ex142-LinkedListCycleII.h">
      <Filter>Header Files</Filter>
    </ClInclude>
    <ClInclude Include="Ex141-LinkedListCycle.h">
      <Filter>Header Files</Filter>
    </ClInclude>
    <ClInclude Include="Ex140-WordBreakII.h">
      <Filter>Header Files</Filter>
    </ClInclude>
    <ClInclude Include="Ex139-WordBreak.h">
      <Filter>Header Files</Filter>
    </ClInclude>
    <ClInclude Include="Ex138-CopyListwithRandomPointer.h">
      <Filter>Header Files</Filter>
    </ClInclude>
    <ClInclude Include="Ex137-SingleNumberII.h">
      <Filter>Header Files</Filter>
    </ClInclude>
    <ClInclude Include="Ex136-SingleNumber.h">
      <Filter>Header Files</Filter>
    </ClInclude>
    <ClInclude Include="Ex135-Candy.h">
      <Filter>Header Files</Filter>
    </ClInclude>
    <ClInclude Include="Ex134-GasStation.h">
      <Filter>Header Files</Filter>
    </ClInclude>
    <ClInclude Include="Ex133-CloneGraph.h">
      <Filter>Header Files</Filter>
    </ClInclude>
    <ClInclude Include="Ex132-PalindromePartitioningII.h">
      <Filter>Header Files</Filter>
    </ClInclude>
    <ClInclude Include="Ex131-PalindromePartitioning.h">
      <Filter>Header Files</Filter>
    </ClInclude>
    <ClInclude Include="Ex065-AddBinary.h">
      <Filter>Header Files</Filter>
    </ClInclude>
    <ClInclude Include="Ex066-ValidNumber.h">
      <Filter>Header Files</Filter>
    </ClInclude>
    <ClInclude Include="Ex067-PlusOne.h">
      <Filter>Header Files</Filter>
    </ClInclude>
    <ClInclude Include="Ex068-TextJustification.h">
      <Filter>Header Files</Filter>
    </ClInclude>
    <ClInclude Include="Ex069-Sqrt%28x%29.h">
      <Filter>Header Files</Filter>
    </ClInclude>
    <ClInclude Include="Ex070-ClimbingStairs.h">
      <Filter>Header Files</Filter>
    </ClInclude>
    <ClInclude Include="Ex071-SimplifyPath.h">
      <Filter>Header Files</Filter>
    </ClInclude>
    <ClInclude Include="Ex072-EditDistance.h">
      <Filter>Header Files</Filter>
    </ClInclude>
    <ClInclude Include="Ex073-SetMatrixZeroes.h">
      <Filter>Header Files</Filter>
    </ClInclude>
    <ClInclude Include="Ex074-Searcha2DMatrix.h">
      <Filter>Header Files</Filter>
    </ClInclude>
    <ClInclude Include="Ex075-SortColors.h">
      <Filter>Header Files</Filter>
    </ClInclude>
    <ClInclude Include="Ex076-MinimumWindowSubstring.h">
      <Filter>Header Files</Filter>
    </ClInclude>
    <ClInclude Include="Ex077-Combinations.h">
      <Filter>Header Files</Filter>
    </ClInclude>
    <ClInclude Include="Ex078-Subsets.h">
      <Filter>Header Files</Filter>
    </ClInclude>
    <ClInclude Include="Ex079-WordSearch.h">
      <Filter>Header Files</Filter>
    </ClInclude>
    <ClInclude Include="Ex080-RemoveDuplicatesfromSortedArrayII.h">
      <Filter>Header Files</Filter>
    </ClInclude>
    <ClInclude Include="Ex081-SearchinRotatedSortedArrayII.h">
      <Filter>Header Files</Filter>
    </ClInclude>
    <ClInclude Include="Ex082-RemoveDuplicatesfromSortedList.h">
      <Filter>Header Files</Filter>
    </ClInclude>
    <ClInclude Include="Ex083-RemoveDuplicatesfromSortedListII.h">
      <Filter>Header Files</Filter>
    </ClInclude>
    <ClInclude Include="Ex084-LargestRectangleinHistogram.h">
      <Filter>Header Files</Filter>
    </ClInclude>
    <ClInclude Include="Ex085-MaximalRectangle.h">
      <Filter>Header Files</Filter>
    </ClInclude>
    <ClInclude Include="Ex086-PartitionList.h">
      <Filter>Header Files</Filter>
    </ClInclude>
    <ClInclude Include="Ex087-ScrambleString.h">
      <Filter>Header Files</Filter>
    </ClInclude>
    <ClInclude Include="Ex088-MergeSortedArray.h">
      <Filter>Header Files</Filter>
    </ClInclude>
    <ClInclude Include="Ex089-GrayCode.h">
      <Filter>Header Files</Filter>
    </ClInclude>
    <ClInclude Include="Ex090-DecodeWays.h">
      <Filter>Header Files</Filter>
    </ClInclude>
    <ClInclude Include="Ex091-SubsetsII.h">
      <Filter>Header Files</Filter>
    </ClInclude>
    <ClInclude Include="Ex092-ReverseLinkedListII.h">
      <Filter>Header Files</Filter>
    </ClInclude>
    <ClInclude Include="Ex093-RestoreIPAddresses.h">
      <Filter>Header Files</Filter>
    </ClInclude>
    <ClInclude Include="Ex094-BinaryTreeInorderTraversal.h">
      <Filter>Header Files</Filter>
    </ClInclude>
    <ClInclude Include="Ex095-UniqueBinarySearchTrees.h">
      <Filter>Header Files</Filter>
    </ClInclude>
    <ClInclude Include="Ex096-UniqueBinarySearchTreesII.h">
      <Filter>Header Files</Filter>
    </ClInclude>
    <ClInclude Include="Ex097-InterleavingString.h">
      <Filter>Header Files</Filter>
    </ClInclude>
    <ClInclude Include="Ex098-ValidateBinarySearchTree.h">
      <Filter>Header Files</Filter>
    </ClInclude>
    <ClInclude Include="Ex099-RecoverBinarySearchTree.h">
      <Filter>Header Files</Filter>
    </ClInclude>
    <ClInclude Include="Ex100-SameTree.h">
      <Filter>Header Files</Filter>
    </ClInclude>
    <ClInclude Include="Ex101-SymmetricTree.h">
      <Filter>Header Files</Filter>
    </ClInclude>
    <ClInclude Include="Ex102-BinaryTreeLevelOrderTraversal.h">
      <Filter>Header Files</Filter>
    </ClInclude>
    <ClInclude Include="Ex103-BinaryTreeZigzagLevelOrderTraversal.h">
      <Filter>Header Files</Filter>
    </ClInclude>
    <ClInclude Include="Ex104-MaximumDepthofBinaryTree.h">
      <Filter>Header Files</Filter>
    </ClInclude>
    <ClInclude Include="Ex105-ConstructBinaryTreefromPreorderandInorderTraversal.h">
      <Filter>Header Files</Filter>
    </ClInclude>
    <ClInclude Include="Ex106-ConstructBinaryTreefromInorderandPostorderTraversal.h">
      <Filter>Header Files</Filter>
    </ClInclude>
    <ClInclude Include="Ex107-BinaryTreeLevelOrderTraversalII.h">
      <Filter>Header Files</Filter>
    </ClInclude>
    <ClInclude Include="Ex108-ConvertSortedArraytoBinarySearchTree.h">
      <Filter>Header Files</Filter>
    </ClInclude>
    <ClInclude Include="Ex109-ConvertSortedListtoBinarySearchTree.h">
      <Filter>Header Files</Filter>
    </ClInclude>
    <ClInclude Include="Ex110-BalancedBinaryTree.h">
      <Filter>Header Files</Filter>
    </ClInclude>
    <ClInclude Include="Ex111-MinimumDepthofBinaryTree.h">
      <Filter>Header Files</Filter>
    </ClInclude>
    <ClInclude Include="Ex112-PathSum.h">
      <Filter>Header Files</Filter>
    </ClInclude>
    <ClInclude Include="Ex113-PathSumII.h">
      <Filter>Header Files</Filter>
    </ClInclude>
    <ClInclude Include="Ex114-FlattenBinaryTreetoLinkedList.h">
      <Filter>Header Files</Filter>
    </ClInclude>
    <ClInclude Include="Ex115-DistinctSubsequences.h">
      <Filter>Header Files</Filter>
    </ClInclude>
    <ClInclude Include="Ex116-PopulatingNextRightPointersinEachNode.h">
      <Filter>Header Files</Filter>
    </ClInclude>
    <ClInclude Include="Ex117-PopulatingNextRightPointersinEachNodeII.h">
      <Filter>Header Files</Filter>
    </ClInclude>
    <ClInclude Include="Ex118-PascalsTriangle.h">
      <Filter>Header Files</Filter>
    </ClInclude>
    <ClInclude Include="Ex119-PascalsTriangleII.h">
      <Filter>Header Files</Filter>
    </ClInclude>
    <ClInclude Include="Ex120-Triangle.h">
      <Filter>Header Files</Filter>
    </ClInclude>
    <ClInclude Include="Ex121-BestTimetoBuyandSellStock.h">
      <Filter>Header Files</Filter>
    </ClInclude>
    <ClInclude Include="Ex122-BestTimetoBuyandSellStockII.h">
      <Filter>Header Files</Filter>
    </ClInclude>
    <ClInclude Include="Ex123-BestTimetoBuyandSellStockIII.h">
      <Filter>Header Files</Filter>
    </ClInclude>
    <ClInclude Include="Ex124-BinaryTreeMaximumPathSum.h">
      <Filter>Header Files</Filter>
    </ClInclude>
    <ClInclude Include="Ex125-ValidPalindrome.h">
      <Filter>Header Files</Filter>
    </ClInclude>
    <ClInclude Include="Ex126-WordLadder.h">
      <Filter>Header Files</Filter>
    </ClInclude>
    <ClInclude Include="Ex127-WordLadderII.h">
      <Filter>Header Files</Filter>
    </ClInclude>
    <ClInclude Include="Ex128-LongestConsecutiveSequence.h">
      <Filter>Header Files</Filter>
    </ClInclude>
    <ClInclude Include="Ex129-SumRoottoLeafNumbers.h">
      <Filter>Header Files</Filter>
    </ClInclude>
    <ClInclude Include="Ex130-SurroundedRegions.h">
      <Filter>Header Files</Filter>
    </ClInclude>
    <ClInclude Include="Ex063-MinimumPathSum.h">
      <Filter>Header Files</Filter>
    </ClInclude>
    <ClInclude Include="Ex062-UniquePathsII.h">
      <Filter>Header Files</Filter>
    </ClInclude>
    <ClInclude Include="Ex015-3Sum.h">
      <Filter>Header Files</Filter>
    </ClInclude>
  </ItemGroup>
</Project>